
Microsoft Visual Studio Solution File, Format Version 12.00
# Visual Studio 2013
VisualStudioVersion = 12.0.21005.1
MinimumVisualStudioVersion = 10.0.40219.1
Project("{FAE04EC0-301F-11D3-BF4B-00C04F79EFBC}") = "DigiSpark", "DigiSpark\DigiSpark.csproj", "{6D193197-BCD9-4A64-8E26-F09BB9B1816F}"
EndProject
Project("{2150E333-8FDC-42A3-9474-1A3956D46DE8}") = "DigiSharp", "DigiSharp", "{D5157C52-021D-46CE-9A94-84190AA80EC7}"
	ProjectSection(SolutionItems) = preProject
		DigiSharp\DigiSharp.ino = DigiSharp\DigiSharp.ino
	EndProjectSection
EndProject
Project("{2150E333-8FDC-42A3-9474-1A3956D46DE8}") = "Solution Items", "Solution Items", "{320AD3CF-E3E4-477F-88DF-0FC39D21AFE8}"
	ProjectSection(SolutionItems) = preProject
		README.md = README.md
	EndProjectSection
EndProject
Global
	GlobalSection(SolutionConfigurationPlatforms) = preSolution
		Debug|Any CPU = Debug|Any CPU
		Release|Any CPU = Release|Any CPU
	EndGlobalSection
	GlobalSection(ProjectConfigurationPlatforms) = postSolution
		{6D193197-BCD9-4A64-8E26-F09BB9B1816F}.Debug|Any CPU.ActiveCfg = Debug|Any CPU
		{6D193197-BCD9-4A64-8E26-F09BB9B1816F}.Debug|Any CPU.Build.0 = Debug|Any CPU
		{6D193197-BCD9-4A64-8E26-F09BB9B1816F}.Release|Any CPU.ActiveCfg = Release|Any CPU
		{6D193197-BCD9-4A64-8E26-F09BB9B1816F}.Release|Any CPU.Build.0 = Release|Any CPU
	EndGlobalSection
	GlobalSection(SolutionProperties) = preSolution
		HideSolutionNode = FALSE
	EndGlobalSection
EndGlobal
